
Microsoft Visual Studio Solution File, Format Version 11.00
# Visual Web Developer Express 2010
Project("{FAE04EC0-301F-11D3-BF4B-00C04F79EFBC}") = "BigYellowFriday", "BigYellowFriday\BigYellowFriday.csproj", "{EEF1DF0F-A09C-4047-AC58-AA60B3DCB685}"
EndProject
Global
	GlobalSection(SolutionConfigurationPlatforms) = preSolution
		Debug|Any CPU = Debug|Any CPU
		Release|Any CPU = Release|Any CPU
	EndGlobalSection
	GlobalSection(ProjectConfigurationPlatforms) = postSolution
		{EEF1DF0F-A09C-4047-AC58-AA60B3DCB685}.Debug|Any CPU.ActiveCfg = Debug|Any CPU
		{EEF1DF0F-A09C-4047-AC58-AA60B3DCB685}.Debug|Any CPU.Build.0 = Debug|Any CPU
		{EEF1DF0F-A09C-4047-AC58-AA60B3DCB685}.Release|Any CPU.ActiveCfg = Release|Any CPU
		{EEF1DF0F-A09C-4047-AC58-AA60B3DCB685}.Release|Any CPU.Build.0 = Release|Any CPU
	EndGlobalSection
	GlobalSection(SolutionProperties) = preSolution
		HideSolutionNode = FALSE
	EndGlobalSection
EndGlobal
